
Microsoft Visual Studio Solution File, Format Version 12.00
# Visual Studio 2012
Project("{2150E333-8FDC-42A3-9474-1A3956D46DE8}") = "misc", "misc", "{793CFB32-44CA-4E4B-9982-5A33350955F0}"
	ProjectSection(SolutionItems) = preProject
		compile.proj = compile.proj
		default.proj = default.proj
		README.md = README.md
		release.cmd = release.cmd
	EndProjectSection
EndProject
Project("{2150E333-8FDC-42A3-9474-1A3956D46DE8}") = ".nuget", ".nuget", "{6EF61253-3914-4D68-A3F2-A15CB0483841}"
	ProjectSection(SolutionItems) = preProject
		.nuget\NuGet.Config = .nuget\NuGet.Config
		.nuget\NuGet.exe = .nuget\NuGet.exe
		.nuget\NuGet.targets = .nuget\NuGet.targets
		Package-signed.nuspec = Package-signed.nuspec
		Package.nuspec = Package.nuspec
	EndProjectSection
EndProject
Project("{FAE04EC0-301F-11D3-BF4B-00C04F79EFBC}") = "MurmurHashStandard", "MurmurHashStandard\MurmurHashStandard.csproj", "{61E63231-F1A6-4C33-BAF4-7433C10162FB}"
EndProject
Global
	GlobalSection(SolutionConfigurationPlatforms) = preSolution
		Debug|Any CPU = Debug|Any CPU
		Release|Any CPU = Release|Any CPU
	EndGlobalSection
	GlobalSection(ProjectConfigurationPlatforms) = postSolution
		{61E63231-F1A6-4C33-BAF4-7433C10162FB}.Debug|Any CPU.ActiveCfg = Debug|Any CPU
		{61E63231-F1A6-4C33-BAF4-7433C10162FB}.Debug|Any CPU.Build.0 = Debug|Any CPU
		{61E63231-F1A6-4C33-BAF4-7433C10162FB}.Release|Any CPU.ActiveCfg = Release|Any CPU
		{61E63231-F1A6-4C33-BAF4-7433C10162FB}.Release|Any CPU.Build.0 = Release|Any CPU
	EndGlobalSection
	GlobalSection(SolutionProperties) = preSolution
		HideSolutionNode = FALSE
	EndGlobalSection
EndGlobal
